<?xml version="1.0" encoding="utf-8"?>
<Project ToolsVersion="4.0" xmlns="http://schemas.microsoft.com/developer/msbuild/2003">
  <ItemGroup>
    <Filter Include="ソース ファイル">
      <UniqueIdentifier>{4FC737F1-C7A5-4376-A066-2A32D752A2FF}</UniqueIdentifier>
      <Extensions>cpp;c;cc;cxx;def;odl;idl;hpj;bat;asm;asmx</Extensions>
    </Filter>
    <Filter Include="ヘッダー ファイル">
      <UniqueIdentifier>{93995380-89BD-4b04-88EB-625FBE52EBFB}</UniqueIdentifier>
      <Extensions>h;hh;hpp;hxx;hm;inl;inc;xsd</Extensions>
    </Filter>
    <Filter Include="リソース ファイル">
      <UniqueIdentifier>{67DA6AB6-F800-4c08-8B7A-83BB121AAD01}</UniqueIdentifier>
      <Extensions>rc;ico;cur;bmp;dlg;rc2;rct;bin;rgs;gif;jpg;jpeg;jpe;resx;tiff;tif;png;wav;mfcribbon-ms</Extensions>
    </Filter>
    <Filter Include="Chips">
      <UniqueIdentifier>{21266d70-e2f9-4543-9601-6118fcb7e937}</UniqueIdentifier>
    </Filter>
    <Filter Include="Chips\MAME">
      <UniqueIdentifier>{3b7d006f-c076-4e52-ada0-65107ef3b796}</UniqueIdentifier>
    </Filter>
    <Filter Include="Chips\MAME\PSG">
      <UniqueIdentifier>{4e64c7ae-ed44-46e1-9622-bc06b6966701}</UniqueIdentifier>
    </Filter>
    <Filter Include="Chips\MAME\FM">
      <UniqueIdentifier>{ae14c69e-0399-4fb1-a841-459474ea4364}</UniqueIdentifier>
    </Filter>
  </ItemGroup>
  <ItemGroup>
    <ClCompile Include="chips\opna.cpp">
      <Filter>Chips</Filter>
    </ClCompile>
    <ClCompile Include="chips\mame\ymdeltat.c">
      <Filter>Chips\MAME</Filter>
    </ClCompile>
    <ClCompile Include="chips\mame\2608intf.c">
      <Filter>Chips\MAME\FM</Filter>
    </ClCompile>
    <ClCompile Include="chips\mame\fm.c">
      <Filter>Chips\MAME\FM</Filter>
    </ClCompile>
    <ClCompile Include="chips\mame\emu2149.c">
      <Filter>Chips\MAME\PSG</Filter>
    </ClCompile>
    <ClCompile Include="audio_stream.cpp">
      <Filter>ソース ファイル</Filter>
    </ClCompile>
    <ClCompile Include="test_mame_ym2608.cpp">
      <Filter>ソース ファイル</Filter>
    </ClCompile>
    <ClCompile Include="chips\chip.cpp">
      <Filter>Chips</Filter>
    </ClCompile>
  </ItemGroup>
  <ItemGroup>
    <ClInclude Include="types.h">
      <Filter>ヘッダー ファイル</Filter>
    </ClInclude>
    <ClInclude Include="chips\opna.hpp">
      <Filter>Chips</Filter>
    </ClInclude>
    <ClInclude Include="chips\mame\emutypes.h">
      <Filter>Chips\MAME</Filter>
    </ClInclude>
    <ClInclude Include="chips\mame\mamedef.h">
      <Filter>Chips\MAME</Filter>
    </ClInclude>
    <ClInclude Include="chips\mame\ymdeltat.h">
      <Filter>Chips\MAME</Filter>
    </ClInclude>
    <ClInclude Include="chips\mame\2608intf.h">
      <Filter>Chips\MAME\FM</Filter>
    </ClInclude>
    <ClInclude Include="chips\mame\fm.h">
      <Filter>Chips\MAME\FM</Filter>
    </ClInclude>
    <ClInclude Include="chips\mame\emu2149.h">
      <Filter>Chips\MAME\PSG</Filter>
    </ClInclude>
    <ClInclude Include="common.hpp">
      <Filter>ヘッダー ファイル</Filter>
    </ClInclude>
    <ClInclude Include="audio_stream.hpp">
      <Filter>ヘッダー ファイル</Filter>
    </ClInclude>
    <ClInclude Include="chips\chip.hpp">
      <Filter>Chips</Filter>
    </ClInclude>
  </ItemGroup>
  <ItemGroup>
    <None Include="packages.config" />
  </ItemGroup>
</Project>